
Microsoft Visual Studio Solution File, Format Version 12.00
# Visual Studio Version 16
VisualStudioVersion = 16.0.29613.14
MinimumVisualStudioVersion = 10.0.40219.1
Project("{FAE04EC0-301F-11D3-BF4B-00C04F79EFBC}") = "HelpfulItemDescriptions", "HelpfulItemDescriptions\HelpfulItemDescriptions.csproj", "{83483EB4-389C-41AF-8D74-26584A429CDF}"
EndProject
Global
	GlobalSection(SolutionConfigurationPlatforms) = preSolution
		Debug|Any CPU = Debug|Any CPU
		Release|Any CPU = Release|Any CPU
	EndGlobalSection
	GlobalSection(ProjectConfigurationPlatforms) = postSolution
		{83483EB4-389C-41AF-8D74-26584A429CDF}.Debug|Any CPU.ActiveCfg = Debug|Any CPU
		{83483EB4-389C-41AF-8D74-26584A429CDF}.Debug|Any CPU.Build.0 = Debug|Any CPU
		{83483EB4-389C-41AF-8D74-26584A429CDF}.Release|Any CPU.ActiveCfg = Release|Any CPU
		{83483EB4-389C-41AF-8D74-26584A429CDF}.Release|Any CPU.Build.0 = Release|Any CPU
	EndGlobalSection
	GlobalSection(SolutionProperties) = preSolution
		HideSolutionNode = FALSE
	EndGlobalSection
	GlobalSection(ExtensibilityGlobals) = postSolution
		SolutionGuid = {6A6D8038-8031-4CAD-8690-7E9EBC99F473}
	EndGlobalSection
EndGlobal
